
Microsoft Visual Studio Solution File, Format Version 12.00
# Visual Studio Version 17
VisualStudioVersion = 17.11.35208.52
MinimumVisualStudioVersion = 10.0.40219.1
Project("{FAE04EC0-301F-11D3-BF4B-00C04F79EFBC}") = "JogoGourmet", "JogoGourmet\JogoGourmet.csproj", "{42599E51-7384-4C7E-82F4-1464671B63BB}"
EndProject
Project("{FAE04EC0-301F-11D3-BF4B-00C04F79EFBC}") = "JogoGourmet.Logica", "JogoGourmet.Logica\JogoGourmet.Logica.csproj", "{639FF45D-25BD-4D6A-8E1F-40FA27BAE28B}"
EndProject
Global
	GlobalSection(SolutionConfigurationPlatforms) = preSolution
		Debug|Any CPU = Debug|Any CPU
		Release|Any CPU = Release|Any CPU
	EndGlobalSection
	GlobalSection(ProjectConfigurationPlatforms) = postSolution
		{42599E51-7384-4C7E-82F4-1464671B63BB}.Debug|Any CPU.ActiveCfg = Debug|Any CPU
		{42599E51-7384-4C7E-82F4-1464671B63BB}.Debug|Any CPU.Build.0 = Debug|Any CPU
		{42599E51-7384-4C7E-82F4-1464671B63BB}.Release|Any CPU.ActiveCfg = Release|Any CPU
		{42599E51-7384-4C7E-82F4-1464671B63BB}.Release|Any CPU.Build.0 = Release|Any CPU
		{639FF45D-25BD-4D6A-8E1F-40FA27BAE28B}.Debug|Any CPU.ActiveCfg = Debug|Any CPU
		{639FF45D-25BD-4D6A-8E1F-40FA27BAE28B}.Debug|Any CPU.Build.0 = Debug|Any CPU
		{639FF45D-25BD-4D6A-8E1F-40FA27BAE28B}.Release|Any CPU.ActiveCfg = Release|Any CPU
		{639FF45D-25BD-4D6A-8E1F-40FA27BAE28B}.Release|Any CPU.Build.0 = Release|Any CPU
	EndGlobalSection
	GlobalSection(SolutionProperties) = preSolution
		HideSolutionNode = FALSE
	EndGlobalSection
	GlobalSection(ExtensibilityGlobals) = postSolution
		SolutionGuid = {47C7EC80-BD13-4BFC-B8A6-5F0180D08B2D}
	EndGlobalSection
EndGlobal
